
Microsoft Visual Studio Solution File, Format Version 12.00
# Visual Studio 15
VisualStudioVersion = 15.0.28307.757
MinimumVisualStudioVersion = 10.0.40219.1
Project("{D2ABAB84-BF74-430A-B69E-9DC6D40DDA17}") = "jobs2(HAORAN)", "<Server=localhost;Database=jobs2;>", "{F9E2FB47-BD72-4777-B72A-9D41E22157DB}"
EndProject
Global
	GlobalSection(SolutionConfigurationPlatforms) = preSolution
		Development|Default = Development|Default
	EndGlobalSection
	GlobalSection(ProjectConfigurationPlatforms) = postSolution
		{F9E2FB47-BD72-4777-B72A-9D41E22157DB}.Development|Default.ActiveCfg = Development
	EndGlobalSection
	GlobalSection(SolutionProperties) = preSolution
		HideSolutionNode = FALSE
	EndGlobalSection
	GlobalSection(ExtensibilityGlobals) = postSolution
		SolutionGuid = {08352E61-3E6F-4664-A61F-204D9713F8E9}
	EndGlobalSection
EndGlobal
